<?xml version="1.0" encoding="utf-8"?>
<Project ToolsVersion="4.0" xmlns="http://schemas.microsoft.com/developer/msbuild/2003">
  <ItemGroup>
    <Filter Include="Source Files">
      <UniqueIdentifier>{4FC737F1-C7A5-4376-A066-2A32D752A2FF}</UniqueIdentifier>
      <Extensions>cpp;c;cc;cxx;def;odl;idl;hpj;bat;asm;asmx</Extensions>
    </Filter>
    <Filter Include="Header Files">
      <UniqueIdentifier>{93995380-89BD-4b04-88EB-625FBE52EBFB}</UniqueIdentifier>
      <Extensions>h;hpp;hxx;hm;inl;inc;xsd</Extensions>
    </Filter>
    <Filter Include="Header Files\soil">
      <UniqueIdentifier>{28cbae75-1a56-41d0-8408-88ed6f469843}</UniqueIdentifier>
    </Filter>
    <Filter Include="Header Files\objects">
      <UniqueIdentifier>{01d0739d-edab-4025-882f-e04d867c38c7}</UniqueIdentifier>
    </Filter>
    <Filter Include="Source Files\objects">
      <UniqueIdentifier>{1e8b7c81-89a1-4bf4-8101-d74024d91ef4}</UniqueIdentifier>
    </Filter>
    <Filter Include="Source Files\soil">
      <UniqueIdentifier>{17c722ec-9ccd-4374-b089-4bd520526d56}</UniqueIdentifier>
    </Filter>
    <Filter Include="Header Files\models">
      <UniqueIdentifier>{391eec34-64ea-4c9c-ba08-3dc6a46e8f53}</UniqueIdentifier>
    </Filter>
    <Filter Include="Source Files\models">
      <UniqueIdentifier>{e5fc89db-c499-4e19-8571-48d84ed827b7}</UniqueIdentifier>
    </Filter>
  </ItemGroup>
  <ItemGroup>
    <ClInclude Include="source\constants.h">
      <Filter>Header Files</Filter>
    </ClInclude>
    <ClInclude Include="source\objects\camera.h">
      <Filter>Header Files\objects</Filter>
    </ClInclude>
    <ClInclude Include="source\objects\explosion.h">
      <Filter>Header Files\objects</Filter>
    </ClInclude>
    <ClInclude Include="source\objects\ghost.h">
      <Filter>Header Files\objects</Filter>
    </ClInclude>
    <ClInclude Include="source\objects\hud.h">
      <Filter>Header Files\objects</Filter>
    </ClInclude>
    <ClInclude Include="source\objects\light.h">
      <Filter>Header Files\objects</Filter>
    </ClInclude>
    <ClInclude Include="source\objects\manager.h">
      <Filter>Header Files\objects</Filter>
    </ClInclude>
    <ClInclude Include="source\objects\map.h">
      <Filter>Header Files\objects</Filter>
    </ClInclude>
    <ClInclude Include="source\objects\node.h">
      <Filter>Header Files\objects</Filter>
    </ClInclude>
    <ClInclude Include="source\objects\object.h">
      <Filter>Header Files\objects</Filter>
    </ClInclude>
    <ClInclude Include="source\objects\pacman.h">
      <Filter>Header Files\objects</Filter>
    </ClInclude>
    <ClInclude Include="source\objects\quadric.h">
      <Filter>Header Files\objects</Filter>
    </ClInclude>
    <ClInclude Include="source\soil\image_helper.h">
      <Filter>Header Files\soil</Filter>
    </ClInclude>
    <ClInclude Include="source\soil\soil.h">
      <Filter>Header Files\soil</Filter>
    </ClInclude>
    <ClInclude Include="source\soil\stb_image_aug.h">
      <Filter>Header Files\soil</Filter>
    </ClInclude>
    <ClInclude Include="source\soil\stbi_dds_aug.h">
      <Filter>Header Files\soil</Filter>
    </ClInclude>
    <ClInclude Include="source\soil\image_dxt.h">
      <Filter>Header Files\soil</Filter>
    </ClInclude>
    <ClInclude Include="source\objects\graph.h">
      <Filter>Header Files\objects</Filter>
    </ClInclude>
    <ClInclude Include="source\models\stdafx.h">
      <Filter>Header Files\models</Filter>
    </ClInclude>
    <ClInclude Include="source\models\glm.h">
      <Filter>Header Files\models</Filter>
    </ClInclude>
    <ClInclude Include="source\soil\stbi_dds_aug_c.h">
      <Filter>Header Files\soil</Filter>
    </ClInclude>
    <ClInclude Include="source\models\texture.h">
      <Filter>Header Files\models</Filter>
    </ClInclude>
  </ItemGroup>
  <ItemGroup>
    <ClCompile Include="source\objects\explosion.cpp">
      <Filter>Source Files\objects</Filter>
    </ClCompile>
    <ClCompile Include="source\objects\camera.cpp">
      <Filter>Source Files\objects</Filter>
    </ClCompile>
    <ClCompile Include="source\objects\ghost.cpp">
      <Filter>Source Files\objects</Filter>
    </ClCompile>
    <ClCompile Include="source\objects\hud.cpp">
      <Filter>Source Files\objects</Filter>
    </ClCompile>
    <ClCompile Include="source\objects\light.cpp">
      <Filter>Source Files\objects</Filter>
    </ClCompile>
    <ClCompile Include="source\objects\manager.cpp">
      <Filter>Source Files\objects</Filter>
    </ClCompile>
    <ClCompile Include="source\objects\map.cpp">
      <Filter>Source Files\objects</Filter>
    </ClCompile>
    <ClCompile Include="source\objects\node.cpp">
      <Filter>Source Files\objects</Filter>
    </ClCompile>
    <ClCompile Include="source\objects\object.cpp">
      <Filter>Source Files\objects</Filter>
    </ClCompile>
    <ClCompile Include="source\objects\pacman.cpp">
      <Filter>Source Files\objects</Filter>
    </ClCompile>
    <ClCompile Include="source\objects\quadric.cpp">
      <Filter>Source Files\objects</Filter>
    </ClCompile>
    <ClCompile Include="source\soil\stb_image_aug.c">
      <Filter>Source Files\soil</Filter>
    </ClCompile>
    <ClCompile Include="source\soil\soil.c">
      <Filter>Source Files\soil</Filter>
    </ClCompile>
    <ClCompile Include="source\soil\image_helper.c">
      <Filter>Source Files\soil</Filter>
    </ClCompile>
    <ClCompile Include="source\soil\image_dxt.c">
      <Filter>Source Files\soil</Filter>
    </ClCompile>
    <ClCompile Include="source\main.cpp">
      <Filter>Source Files</Filter>
    </ClCompile>
    <ClCompile Include="source\objects\graph.cpp">
      <Filter>Source Files\objects</Filter>
    </ClCompile>
    <ClCompile Include="source\models\stdafx.cpp">
      <Filter>Source Files\models</Filter>
    </ClCompile>
    <ClCompile Include="source\models\glmimg.cpp">
      <Filter>Source Files\models</Filter>
    </ClCompile>
    <ClCompile Include="source\models\glm.cpp">
      <Filter>Source Files\models</Filter>
    </ClCompile>
    <ClCompile Include="source\models\texture.cpp">
      <Filter>Source Files\models</Filter>
    </ClCompile>
  </ItemGroup>
</Project>